
Microsoft Visual Studio Solution File, Format Version 12.00
# Visual Studio Version 17
VisualStudioVersion = 17.7.34009.444
MinimumVisualStudioVersion = 10.0.40219.1
Project("{FAE04EC0-301F-11D3-BF4B-00C04F79EFBC}") = "Login", "Login.csproj", "{13967F51-0BB5-41C4-85D0-323A1BB6206F}"
EndProject
Global
	GlobalSection(SolutionConfigurationPlatforms) = preSolution
		Debug|Any CPU = Debug|Any CPU
		Release|Any CPU = Release|Any CPU
	EndGlobalSection
	GlobalSection(ProjectConfigurationPlatforms) = postSolution
		{13967F51-0BB5-41C4-85D0-323A1BB6206F}.Debug|Any CPU.ActiveCfg = Debug|Any CPU
		{13967F51-0BB5-41C4-85D0-323A1BB6206F}.Debug|Any CPU.Build.0 = Debug|Any CPU
		{13967F51-0BB5-41C4-85D0-323A1BB6206F}.Release|Any CPU.ActiveCfg = Release|Any CPU
		{13967F51-0BB5-41C4-85D0-323A1BB6206F}.Release|Any CPU.Build.0 = Release|Any CPU
	EndGlobalSection
	GlobalSection(SolutionProperties) = preSolution
		HideSolutionNode = FALSE
	EndGlobalSection
	GlobalSection(ExtensibilityGlobals) = postSolution
		SolutionGuid = {59EF16E9-B9BA-4211-B1B6-158EDCED4C32}
	EndGlobalSection
EndGlobal
